{
  "version": 4,
  "terraform_version": "1.3.7",
  "serial": 38,
  "lineage": "16aa771e-4a06-af33-0cde-4c56c0f6c8c1",
  "outputs": {
    "repository_url": {
      "value": "785210909375.dkr.ecr.us-east-1.amazonaws.com/go-sqs-queue",
      "type": "string"
    },
    "role_arn": {
      "value": "arn:aws:iam::785210909375:role/github-actions-role-go-sqs",
      "type": "string"
    },
    "sqs_url": {
      "value": "https://sqs.us-east-1.amazonaws.com/785210909375/go-sqs-queue",
      "type": "string"
    }
  },
  "resources": [
    {
      "mode": "managed",
      "type": "aws_ecr_repository",
      "name": "go-sqs-queue",
      "provider": "provider[\"registry.terraform.io/hashicorp/aws\"]",
      "instances": [
        {
          "schema_version": 0,
          "attributes": {
            "arn": "arn:aws:ecr:us-east-1:785210909375:repository/go-sqs-queue",
            "encryption_configuration": [
              {
                "encryption_type": "AES256",
                "kms_key": ""
              }
            ],
            "force_delete": null,
            "id": "go-sqs-queue",
            "image_scanning_configuration": [
              {
                "scan_on_push": false
              }
            ],
            "image_tag_mutability": "MUTABLE",
            "name": "go-sqs-queue",
            "registry_id": "785210909375",
            "repository_url": "785210909375.dkr.ecr.us-east-1.amazonaws.com/go-sqs-queue",
            "tags": {},
            "tags_all": {
              "Project": "GO-SQS-PROJECT"
            },
            "timeouts": null
          },
          "sensitive_attributes": [],
          "private": "eyJlMmJmYjczMC1lY2FhLTExZTYtOGY4OC0zNDM2M2JjN2M0YzAiOnsiZGVsZXRlIjoxMjAwMDAwMDAwMDAwfX0="
        }
      ]
    },
    {
      "mode": "managed",
      "type": "aws_iam_openid_connect_provider",
      "name": "github",
      "provider": "provider[\"registry.terraform.io/hashicorp/aws\"]",
      "instances": [
        {
          "schema_version": 0,
          "attributes": {
            "arn": "arn:aws:iam::785210909375:oidc-provider/token.actions.githubusercontent.com",
            "client_id_list": [
              "sts.amazonaws.com"
            ],
            "id": "arn:aws:iam::785210909375:oidc-provider/token.actions.githubusercontent.com",
            "tags": {},
            "tags_all": {
              "Project": "GO-SQS-PROJECT"
            },
            "thumbprint_list": [
              "6938fd4d98bab03faadb97b34396831e3780aea1",
              "1c58a3a8518e8759bf075b76b750d4f2df264fcd"
            ],
            "url": "token.actions.githubusercontent.com"
          },
          "sensitive_attributes": [],
          "private": "bnVsbA=="
        }
      ]
    },
    {
      "mode": "managed",
      "type": "aws_iam_policy",
      "name": "go-sqs-lambda-ecr-policy",
      "provider": "provider[\"registry.terraform.io/hashicorp/aws\"]",
      "instances": [
        {
          "schema_version": 0,
          "attributes": {
            "arn": "arn:aws:iam::785210909375:policy/go-sqs-lambda-ecr-policy",
            "description": "perrmisions for go sqs github action",
            "id": "arn:aws:iam::785210909375:policy/go-sqs-lambda-ecr-policy",
            "name": "go-sqs-lambda-ecr-policy",
            "name_prefix": "",
            "path": "/",
            "policy": "{\"Statement\":[{\"Action\":[\"ecr:BatchCheckLayerAvailability\",\"ecr:GetRepositoryPolicy\",\"ecr:DescribeRepositories\",\"ecr:DescribeImages\",\"ecr:InitiateLayerUpload\",\"ecr:UploadLayerPart\",\"ecr:CompleteLayerUpload\",\"ecr:PutImage\"],\"Effect\":\"Allow\",\"Resource\":\"arn:aws:ecr:us-east-1:785210909375:repository/go-sqs-queue\"},{\"Action\":[\"ecr:GetAuthorizationToken\",\"sts:GetServiceBearerToken\"],\"Effect\":\"Allow\",\"Resource\":\"*\"}],\"Version\":\"2012-10-17\"}",
            "policy_id": "ANPA3NURXUK7RD54OPBD4",
            "tags": null,
            "tags_all": {
              "Project": "GO-SQS-PROJECT"
            }
          },
          "sensitive_attributes": [],
          "private": "bnVsbA=="
        }
      ]
    },
    {
      "mode": "managed",
      "type": "aws_iam_role",
      "name": "github-actions-role-go-sqs",
      "provider": "provider[\"registry.terraform.io/hashicorp/aws\"]",
      "instances": [
        {
          "schema_version": 0,
          "attributes": {
            "arn": "arn:aws:iam::785210909375:role/github-actions-role-go-sqs",
            "assume_role_policy": "{\"Statement\":[{\"Action\":\"sts:AssumeRoleWithWebIdentity\",\"Condition\":{\"StringEquals\":{\"token.actions.githubusercontent.com:aud\":\"sts.amazonaws.com\",\"token.actions.githubusercontent.com:sub\":\"repo:Gildarts99/go-sqs-projects:ref:refs/heads/main\"}},\"Effect\":\"Allow\",\"Principal\":{\"Federated\":\"arn:aws:iam::785210909375:oidc-provider/token.actions.githubusercontent.com\"}}],\"Version\":\"2012-10-17\"}",
            "create_date": "2023-09-08T15:04:16Z",
            "description": "",
            "force_detach_policies": false,
            "id": "github-actions-role-go-sqs",
            "inline_policy": [
              {
                "name": "go-sqs-lambda-ecr-policy",
                "policy": "{\"Version\":\"2012-10-17\",\"Statement\":[{\"Action\":[\"ecr:BatchCheckLayerAvailability\",\"ecr:GetRepositoryPolicy\",\"ecr:DescribeRepositories\",\"ecr:DescribeImages\",\"ecr:InitiateLayerUpload\",\"ecr:UploadLayerPart\",\"ecr:CompleteLayerUpload\",\"ecr:PutImage\"],\"Effect\":\"Allow\",\"Resource\":\"arn:aws:ecr:us-east-1:785210909375:repository/go-sqs-queue\"},{\"Action\":[\"ecr:GetAuthorizationToken\",\"sts:GetServiceBearerToken\"],\"Effect\":\"Allow\",\"Resource\":\"*\"}]}"
              }
            ],
            "managed_policy_arns": [],
            "max_session_duration": 3600,
            "name": "github-actions-role-go-sqs",
            "name_prefix": "",
            "path": "/",
            "permissions_boundary": null,
            "tags": {},
            "tags_all": {
              "Project": "GO-SQS-PROJECT"
            },
            "unique_id": "AROA3NURXUK75UFTNUU5S"
          },
          "sensitive_attributes": [],
          "private": "bnVsbA=="
        }
      ]
    },
    {
      "mode": "managed",
      "type": "aws_iam_role_policy_attachment",
      "name": "go-sqs-policy-attachment",
      "provider": "provider[\"registry.terraform.io/hashicorp/aws\"]",
      "instances": [
        {
          "schema_version": 0,
          "attributes": {
            "id": "github-actions-role-go-sqs-20230908152652311600000001",
            "policy_arn": "arn:aws:iam::785210909375:policy/go-sqs-lambda-ecr-policy",
            "role": "github-actions-role-go-sqs"
          },
          "sensitive_attributes": [],
          "private": "bnVsbA==",
          "dependencies": [
            "aws_iam_policy.go-sqs-lambda-ecr-policy",
            "aws_iam_role.github-actions-role-go-sqs"
          ]
        }
      ]
    },
    {
      "mode": "managed",
      "type": "aws_sqs_queue",
      "name": "go_sqs_queue",
      "provider": "provider[\"registry.terraform.io/hashicorp/aws\"]",
      "instances": [
        {
          "schema_version": 0,
          "attributes": {
            "arn": "arn:aws:sqs:us-east-1:785210909375:go-sqs-queue",
            "content_based_deduplication": false,
            "deduplication_scope": "",
            "delay_seconds": 0,
            "fifo_queue": false,
            "fifo_throughput_limit": "",
            "id": "https://sqs.us-east-1.amazonaws.com/785210909375/go-sqs-queue",
            "kms_data_key_reuse_period_seconds": 300,
            "kms_master_key_id": "",
            "max_message_size": 262144,
            "message_retention_seconds": 600,
            "name": "go-sqs-queue",
            "name_prefix": "",
            "policy": "",
            "receive_wait_time_seconds": 0,
            "redrive_allow_policy": "",
            "redrive_policy": "",
            "sqs_managed_sse_enabled": true,
            "tags": {
              "project": "GO-SQS-PROJECT"
            },
            "tags_all": {
              "Project": "GO-SQS-PROJECT",
              "project": "GO-SQS-PROJECT"
            },
            "url": "https://sqs.us-east-1.amazonaws.com/785210909375/go-sqs-queue",
            "visibility_timeout_seconds": 30
          },
          "sensitive_attributes": [],
          "private": "bnVsbA=="
        }
      ]
    }
  ],
  "check_results": null
}
